
Microsoft Visual Studio Solution File, Format Version 12.00
# Visual Studio Version 16
VisualStudioVersion = 16.0.28809.33
MinimumVisualStudioVersion = 10.0.40219.1
Project("{9A19103F-16F7-4668-BE54-9A1E7A4F7556}") = "PlayersAndMonsters", "PlayersAndMonsters.csproj", "{B92DB7D5-A739-4ED2-AD58-E980BEF764CF}"
EndProject
Global
	GlobalSection(SolutionConfigurationPlatforms) = preSolution
		Debug|Any CPU = Debug|Any CPU
		Release|Any CPU = Release|Any CPU
	EndGlobalSection
	GlobalSection(ProjectConfigurationPlatforms) = postSolution
		{B92DB7D5-A739-4ED2-AD58-E980BEF764CF}.Debug|Any CPU.ActiveCfg = Debug|Any CPU
		{B92DB7D5-A739-4ED2-AD58-E980BEF764CF}.Debug|Any CPU.Build.0 = Debug|Any CPU
		{B92DB7D5-A739-4ED2-AD58-E980BEF764CF}.Release|Any CPU.ActiveCfg = Release|Any CPU
		{B92DB7D5-A739-4ED2-AD58-E980BEF764CF}.Release|Any CPU.Build.0 = Release|Any CPU
	EndGlobalSection
	GlobalSection(SolutionProperties) = preSolution
		HideSolutionNode = FALSE
	EndGlobalSection
	GlobalSection(ExtensibilityGlobals) = postSolution
		SolutionGuid = {0BA900C8-E5E2-481F-8D1F-F4705D29832E}
	EndGlobalSection
EndGlobal
