
Microsoft Visual Studio Solution File, Format Version 12.00
# Visual Studio Version 16
VisualStudioVersion = 16.0.29123.89
MinimumVisualStudioVersion = 10.0.40219.1
Project("{9A19103F-16F7-4668-BE54-9A1E7A4F7556}") = "SpaceStation", "SpaceStation.csproj", "{4478B220-056C-4895-9CB1-1B5DD7AD3B8D}"
EndProject
Global
	GlobalSection(SolutionConfigurationPlatforms) = preSolution
		Debug|Any CPU = Debug|Any CPU
		Release|Any CPU = Release|Any CPU
	EndGlobalSection
	GlobalSection(ProjectConfigurationPlatforms) = postSolution
		{4478B220-056C-4895-9CB1-1B5DD7AD3B8D}.Debug|Any CPU.ActiveCfg = Debug|Any CPU
		{4478B220-056C-4895-9CB1-1B5DD7AD3B8D}.Debug|Any CPU.Build.0 = Debug|Any CPU
		{4478B220-056C-4895-9CB1-1B5DD7AD3B8D}.Release|Any CPU.ActiveCfg = Release|Any CPU
		{4478B220-056C-4895-9CB1-1B5DD7AD3B8D}.Release|Any CPU.Build.0 = Release|Any CPU
	EndGlobalSection
	GlobalSection(SolutionProperties) = preSolution
		HideSolutionNode = FALSE
	EndGlobalSection
	GlobalSection(ExtensibilityGlobals) = postSolution
		SolutionGuid = {BC644C32-7292-42F1-BFDF-8163CCDD3EDB}
	EndGlobalSection
EndGlobal
